
Microsoft Visual Studio Solution File, Format Version 12.00
# Visual Studio Version 17
VisualStudioVersion = 17.3.32901.215
MinimumVisualStudioVersion = 10.0.40219.1
Project("{FAE04EC0-301F-11D3-BF4B-00C04F79EFBC}") = "SamsaLab1", "SamsaLab1\SamsaLab1.csproj", "{D39DA0B9-7168-4766-B5E8-858414BF6F21}"
EndProject
Global
	GlobalSection(SolutionConfigurationPlatforms) = preSolution
		Debug|Any CPU = Debug|Any CPU
		Release|Any CPU = Release|Any CPU
	EndGlobalSection
	GlobalSection(ProjectConfigurationPlatforms) = postSolution
		{D39DA0B9-7168-4766-B5E8-858414BF6F21}.Debug|Any CPU.ActiveCfg = Debug|Any CPU
		{D39DA0B9-7168-4766-B5E8-858414BF6F21}.Debug|Any CPU.Build.0 = Debug|Any CPU
		{D39DA0B9-7168-4766-B5E8-858414BF6F21}.Release|Any CPU.ActiveCfg = Release|Any CPU
		{D39DA0B9-7168-4766-B5E8-858414BF6F21}.Release|Any CPU.Build.0 = Release|Any CPU
	EndGlobalSection
	GlobalSection(SolutionProperties) = preSolution
		HideSolutionNode = FALSE
	EndGlobalSection
	GlobalSection(ExtensibilityGlobals) = postSolution
		SolutionGuid = {ADB77425-0C3E-4773-B8CE-E290C29FE696}
	EndGlobalSection
EndGlobal
